PODS:
  - Alamofire (5.4.0)
  - Kingfisher (6.2.1)

DEPENDENCIES:
  - Alamofire (~> 5.2)
  - Kingfisher (~> 6.0)

SPEC REPOS:
  trunk:
    - Alamofire
    - Kingfisher

SPEC CHECKSUMS:
  Alamofire: 3b6a534a3df22db367e4dedeeca73d1ddfcf0e2f
  Kingfisher: e71c6fac2aebb1262888cabc2cb13d313362a48f

PODFILE CHECKSUM: f6d7f3b641c91de88edc9a51c5b8b655bb5d23c8

COCOAPODS: 1.9.0
